github.com/ebitengine/purego v0.10.0 h1:QIw4xfpWT6GWTzaW5XEKy3HXoqrJGx1ijYHzTF0/ISU=
github.com/ebitengine/purego v0.10.0/go.mod h1:iIjxzd6CiRiOG0UyXP+V1+jWqUXVjPKLAI0mRfJZTmQ=
github.com/jfreymuth/pulse v0.1.1 h1:9WLNBNCijmtZ14ZJpatgJPu/NjwAl3TIKItSFnTh+9A=
github.com/jfreymuth/pulse v0.1.1/go.mod h1:cpYspI6YljhkUf1WLXLLDmeaaPFc3CnGLjDZf9dZ4no=
github.com/jfreymuth/pulse v0.1.2-0.20241102120944-4ffb35054b53 h1:bwsfDCV1qoqA3ooZfP6zvNr5RCjYRxItKODBiJzOQOc=
github.com/jfreymuth/pulse v0.1.2-0.20241102120944-4ffb35054b53/go.mod h1:cpYspI6YljhkUf1WLXLLDmeaaPFc3CnGLjDZf9dZ4no=
golang.org/x/sys v0.41.0 h1:Ivj+2Cp/ylzLiEU89QhWblYnOE9zerudt9Ftecq2C6k=
golang.org/x/sys v0.41.0/go.mod h1:OgkHotnGiDImocRcuBABYBEXf8A9a87e/uXjp9XT3ks=
